
Microsoft Visual Studio Solution File, Format Version 12.00
# Visual Studio Version 17
VisualStudioVersion = 17.8.34330.188
MinimumVisualStudioVersion = 10.0.40219.1
Project("{FAE04EC0-301F-11D3-BF4B-00C04F79EFBC}") = "Consultorio.Server", "Consultorio.Server\Consultorio.Server.csproj", "{4BBAC899-B48A-4933-8C66-9F8D33247615}"
EndProject
Project("{54A90642-561A-4BB1-A94E-469ADEE60C69}") = "consultorio.client", "consultorio.client\consultorio.client.esproj", "{9050152E-16E8-4334-B9E8-2EC451C3029B}"
EndProject
Global
	GlobalSection(SolutionConfigurationPlatforms) = preSolution
		Debug|Any CPU = Debug|Any CPU
		Release|Any CPU = Release|Any CPU
	EndGlobalSection
	GlobalSection(ProjectConfigurationPlatforms) = postSolution
		{4BBAC899-B48A-4933-8C66-9F8D33247615}.Debug|Any CPU.ActiveCfg = Debug|Any CPU
		{4BBAC899-B48A-4933-8C66-9F8D33247615}.Debug|Any CPU.Build.0 = Debug|Any CPU
		{4BBAC899-B48A-4933-8C66-9F8D33247615}.Release|Any CPU.ActiveCfg = Release|Any CPU
		{4BBAC899-B48A-4933-8C66-9F8D33247615}.Release|Any CPU.Build.0 = Release|Any CPU
		{9050152E-16E8-4334-B9E8-2EC451C3029B}.Debug|Any CPU.ActiveCfg = Debug|Any CPU
		{9050152E-16E8-4334-B9E8-2EC451C3029B}.Debug|Any CPU.Build.0 = Debug|Any CPU
		{9050152E-16E8-4334-B9E8-2EC451C3029B}.Debug|Any CPU.Deploy.0 = Debug|Any CPU
		{9050152E-16E8-4334-B9E8-2EC451C3029B}.Release|Any CPU.ActiveCfg = Release|Any CPU
		{9050152E-16E8-4334-B9E8-2EC451C3029B}.Release|Any CPU.Build.0 = Release|Any CPU
		{9050152E-16E8-4334-B9E8-2EC451C3029B}.Release|Any CPU.Deploy.0 = Release|Any CPU
	EndGlobalSection
	GlobalSection(SolutionProperties) = preSolution
		HideSolutionNode = FALSE
	EndGlobalSection
	GlobalSection(ExtensibilityGlobals) = postSolution
		SolutionGuid = {58AC8DA5-A5D5-4A66-BFDE-0442C6C8C0C9}
	EndGlobalSection
EndGlobal
